Microsoft Visual Studio Solution File, Format Version 12.00
# Visual Studio 2012
Project("{FAE04EC0-301F-11D3-BF4B-00C04F79EFBC}") = "chess-rpg-godot", "chess-rpg-godot.csproj", "{3215B1A0-2DFC-43A2-8256-4AAB6BC9736A}"
EndProject
Global
	GlobalSection(SolutionConfigurationPlatforms) = preSolution
	Debug|Any CPU = Debug|Any CPU
	ExportDebug|Any CPU = ExportDebug|Any CPU
	ExportRelease|Any CPU = ExportRelease|Any CPU
	EndGlobalSection
	GlobalSection(ProjectConfigurationPlatforms) = postSolution
		{3215B1A0-2DFC-43A2-8256-4AAB6BC9736A}.Debug|Any CPU.ActiveCfg = Debug|Any CPU
		{3215B1A0-2DFC-43A2-8256-4AAB6BC9736A}.Debug|Any CPU.Build.0 = Debug|Any CPU
		{3215B1A0-2DFC-43A2-8256-4AAB6BC9736A}.ExportDebug|Any CPU.ActiveCfg = ExportDebug|Any CPU
		{3215B1A0-2DFC-43A2-8256-4AAB6BC9736A}.ExportDebug|Any CPU.Build.0 = ExportDebug|Any CPU
		{3215B1A0-2DFC-43A2-8256-4AAB6BC9736A}.ExportRelease|Any CPU.ActiveCfg = ExportRelease|Any CPU
		{3215B1A0-2DFC-43A2-8256-4AAB6BC9736A}.ExportRelease|Any CPU.Build.0 = ExportRelease|Any CPU
	EndGlobalSection
EndGlobal
